{
  "version": 4,
  "terraform_version": "1.3.4",
  "serial": 56,
  "lineage": "ea85215f-39c1-aa3d-44b5-ab00052dfc6a",
  "outputs": {},
  "resources": [
    {
      "mode": "managed",
      "type": "aws_instance",
      "name": "example",
      "provider": "provider[\"registry.terraform.io/hashicorp/aws\"]",
      "instances": [
        {
          "status": "tainted",
          "schema_version": 1,
          "attributes": {
            "ami": "ami-08c40ec9ead489470",
            "arn": "arn:aws:ec2:us-east-1:074309573640:instance/i-07efc8c0913ea13ab",
            "associate_public_ip_address": true,
            "availability_zone": "us-east-1a",
            "capacity_reservation_specification": [
              {
                "capacity_reservation_preference": "open",
                "capacity_reservation_target": []
              }
            ],
            "cpu_core_count": 1,
            "cpu_threads_per_core": 1,
            "credit_specification": [
              {
                "cpu_credits": "standard"
              }
            ],
            "disable_api_stop": false,
            "disable_api_termination": false,
            "ebs_block_device": [],
            "ebs_optimized": false,
            "enclave_options": [
              {
                "enabled": false
              }
            ],
            "ephemeral_block_device": [],
            "get_password_data": false,
            "hibernation": false,
            "host_id": null,
            "host_resource_group_arn": null,
            "iam_instance_profile": "",
            "id": "i-07efc8c0913ea13ab",
            "instance_initiated_shutdown_behavior": "stop",
            "instance_state": "running",
            "instance_type": "t2.micro",
            "ipv6_address_count": 0,
            "ipv6_addresses": [],
            "key_name": "webapp_key_esep",
            "launch_template": [],
            "maintenance_options": [
              {
                "auto_recovery": "default"
              }
            ],
            "metadata_options": [
              {
                "http_endpoint": "enabled",
                "http_put_response_hop_limit": 1,
                "http_tokens": "optional",
                "instance_metadata_tags": "disabled"
              }
            ],
            "monitoring": false,
            "network_interface": [],
            "outpost_arn": "",
            "password_data": "",
            "placement_group": "",
            "placement_partition_number": null,
            "primary_network_interface_id": "eni-0403eb06e4ca6114c",
            "private_dns": "ip-172-31-56-240.ec2.internal",
            "private_dns_name_options": [
              {
                "enable_resource_name_dns_a_record": false,
                "enable_resource_name_dns_aaaa_record": false,
                "hostname_type": "ip-name"
              }
            ],
            "private_ip": "172.31.56.240",
            "public_dns": "ec2-34-227-160-200.compute-1.amazonaws.com",
            "public_ip": "34.227.160.200",
            "root_block_device": [
              {
                "delete_on_termination": true,
                "device_name": "/dev/sda1",
                "encrypted": false,
                "iops": 100,
                "kms_key_id": "",
                "tags": {},
                "throughput": 0,
                "volume_id": "vol-0ac58cc8631001ba8",
                "volume_size": 8,
                "volume_type": "gp2"
              }
            ],
            "secondary_private_ips": [],
            "security_groups": [
              "scoutcard"
            ],
            "source_dest_check": true,
            "subnet_id": "subnet-3981f813",
            "tags": {
              "Name": "esep"
            },
            "tags_all": {
              "Name": "esep"
            },
            "tenancy": "default",
            "timeouts": null,
            "user_data": null,
            "user_data_base64": null,
            "user_data_replace_on_change": false,
            "volume_tags": null,
            "vpc_security_group_ids": [
              "sg-d1e392aa"
            ]
          },
          "sensitive_attributes": [],
          "private": "eyJlMmJmYjczMC1lY2FhLTExZTYtOGY4OC0zNDM2M2JjN2M0YzAiOnsiY3JlYXRlIjo2MDAwMDAwMDAwMDAsImRlbGV0ZSI6MTIwMDAwMDAwMDAwMCwidXBkYXRlIjo2MDAwMDAwMDAwMDB9LCJzY2hlbWFfdmVyc2lvbiI6IjEifQ==",
          "dependencies": [
            "aws_key_pair.key_pair_app"
          ]
        }
      ]
    },
    {
      "mode": "managed",
      "type": "aws_key_pair",
      "name": "key_pair_app",
      "provider": "provider[\"registry.terraform.io/hashicorp/aws\"]",
      "instances": [
        {
          "schema_version": 1,
          "attributes": {
            "arn": "arn:aws:ec2:us-east-1:074309573640:key-pair/webapp_key_esep",
            "fingerprint": "81:fc:ec:cf:e3:93:f3:a8:2e:8f:ac:af:e1:a5:92:dc",
            "id": "webapp_key_esep",
            "key_name": "webapp_key_esep",
            "key_name_prefix": "",
            "key_pair_id": "key-05b3e2761cda75e33",
            "key_type": "rsa",
            "public_key": "ssh-rsa AAAAB3NzaC1yc2EAAAADAQABAAACAQCq5/TWnLEbeoF0fYxzOLNTdoEd8xYG11iFxicNk8AZo86D2akvhX5m/Lv4njy77zoG3Iyht4B7FKBLjtKyPzTmeiAdswcwB/2AIVR8YmknZV6klt9W4WYKe9JkvIU2Cq/uUUVcfE0HKSoCn5G45aPyP499qJrANgP8yg6vdcKDe6lmDNrgS3PcmtO/Uuw2LSrwaoYbA6eK+5XnRVSosNzhfqi3Fa3gBFF/BsjGEWzxVe1zm1rgMIT6QSxcuci1yzgwMiUP1m2ctMidJVy1Bl4pmQ18an7vz6d4aVkPzfIK9dRT6WBSPSP31tpSh+NobIXSmTtTtDWG64QIegvmoAa6e172bqzagFnd86+W2Gk8siDxse8SDRI2j93/m11ehDEFVmTlxuZ5+oYy5wh8N63cCCjqhUkKlw/YzOeNRVO76nCZx/S+mm6poDrk+r1L+GccPOGkYdZweO1ZQGTTifH8gY73u5firWzTHXc7AbUoB8sGeW1/VhVpSRJq8aCwzlbgwYloSp/brfzmPJEI6x9dPtA92O3+NDO5bxuUIjPSBsZ3R1K1teZlxlTsm9qydGMjY4Ih3rqz+qPDCOR/5c4HydyX89wesxoALd/fjkg3Uixv7VCiQ/89/BpAtHCoEiy79rg8gecLqOOanPHKOrQXpTD69Afs4nPnoQXn0VsHMw== jcutrono@gmail.com",
            "tags": {},
            "tags_all": {}
          },
          "sensitive_attributes": [],
          "private": "eyJzY2hlbWFfdmVyc2lvbiI6IjEifQ=="
        }
      ]
    }
  ],
  "check_results": null
}
